{
  "version": 4,
  "terraform_version": "1.12.2",
  "serial": 7,
  "lineage": "7ecbcf9d-a973-fa74-9f36-61bc77f0eba8",
  "outputs": {},
  "resources": [
    {
      "mode": "managed",
      "type": "aws_default_vpc",
      "name": "default",
      "provider": "provider[\"registry.terraform.io/hashicorp/aws\"]",
      "instances": [
        {
          "schema_version": 1,
          "attributes": {
            "arn": "arn:aws:ec2:us-east-1:180413787290:vpc/vpc-049882390663590f0",
            "assign_generated_ipv6_cidr_block": false,
            "cidr_block": "172.31.0.0/16",
            "default_network_acl_id": "acl-00e9581368224661e",
            "default_route_table_id": "rtb-013648e469896715b",
            "default_security_group_id": "sg-02e7e2548000d357d",
            "dhcp_options_id": "dopt-09f56e1f5d0ada1a2",
            "enable_dns_hostnames": true,
            "enable_dns_support": true,
            "enable_network_address_usage_metrics": false,
            "existing_default_vpc": true,
            "force_destroy": false,
            "id": "vpc-049882390663590f0",
            "instance_tenancy": "default",
            "ipv6_association_id": "",
            "ipv6_cidr_block": "",
            "ipv6_cidr_block_network_border_group": "",
            "ipv6_ipam_pool_id": "",
            "ipv6_netmask_length": 0,
            "main_route_table_id": "rtb-013648e469896715b",
            "owner_id": "180413787290",
            "region": "us-east-1",
            "tags": {},
            "tags_all": {}
          },
          "sensitive_attributes": [],
          "identity_schema_version": 0,
          "private": "eyJzY2hlbWFfdmVyc2lvbiI6IjEifQ=="
        }
      ]
    },
    {
      "mode": "managed",
      "type": "aws_key_pair",
      "name": "my_key",
      "provider": "provider[\"registry.terraform.io/hashicorp/aws\"]",
      "instances": [
        {
          "schema_version": 1,
          "attributes": {
            "arn": "arn:aws:ec2:us-east-1:180413787290:key-pair/prd-terraform-instance-key",
            "fingerprint": "Fpf9wCCRbAnmcpi54J4aFTT4eo032bqRT2sNt5obd2g=",
            "id": "prd-terraform-instance-key",
            "key_name": "prd-terraform-instance-key",
            "key_name_prefix": "",
            "key_pair_id": "key-04e8ec62bc3cb178d",
            "key_type": "ed25519",
            "public_key": "ssh-ed25519 AAAAC3NzaC1lZDI1NTE5AAAAIP/Vwsu8geKnKh8EpqvBy2olKkS4ZrzQwV/BwhSYtE/o a@as-MacBook-Air.local",
            "region": "us-east-1",
            "tags": {
              "Environment": "prd"
            },
            "tags_all": {
              "Environment": "prd"
            }
          },
          "sensitive_attributes": [],
          "identity_schema_version": 0,
          "private": "eyJzY2hlbWFfdmVyc2lvbiI6IjEifQ=="
        }
      ]
    }
  ],
  "check_results": null
}
